
Microsoft Visual Studio Solution File, Format Version 12.00
# Visual Studio Version 17
VisualStudioVersion = 17.4.33103.184
MinimumVisualStudioVersion = 10.0.40219.1
Project("{FAE04EC0-301F-11D3-BF4B-00C04F79EFBC}") = "EyeSave", "EyeSave\EyeSave.csproj", "{589E9975-3EEB-4B1B-A01D-C7A5FC2F9069}"
EndProject
Global
	GlobalSection(SolutionConfigurationPlatforms) = preSolution
		Debug|Any CPU = Debug|Any CPU
		Release|Any CPU = Release|Any CPU
	EndGlobalSection
	GlobalSection(ProjectConfigurationPlatforms) = postSolution
		{589E9975-3EEB-4B1B-A01D-C7A5FC2F9069}.Debug|Any CPU.ActiveCfg = Debug|Any CPU
		{589E9975-3EEB-4B1B-A01D-C7A5FC2F9069}.Debug|Any CPU.Build.0 = Debug|Any CPU
		{589E9975-3EEB-4B1B-A01D-C7A5FC2F9069}.Release|Any CPU.ActiveCfg = Release|Any CPU
		{589E9975-3EEB-4B1B-A01D-C7A5FC2F9069}.Release|Any CPU.Build.0 = Release|Any CPU
	EndGlobalSection
	GlobalSection(SolutionProperties) = preSolution
		HideSolutionNode = FALSE
	EndGlobalSection
	GlobalSection(ExtensibilityGlobals) = postSolution
		SolutionGuid = {D4A088C1-3923-47A7-9D82-D095B9849AC0}
	EndGlobalSection
EndGlobal
